
Microsoft Visual Studio Solution File, Format Version 12.00
# Visual Studio Version 17
VisualStudioVersion = 17.9.34310.174
MinimumVisualStudioVersion = 10.0.40219.1
Project("{FAE04EC0-301F-11D3-BF4B-00C04F79EFBC}") = "mvc_mappls", "mvc_mappls\mvc_mappls.csproj", "{E362A03C-CCF8-43EA-BD20-C0A830D462F3}"
EndProject
Global
	GlobalSection(SolutionConfigurationPlatforms) = preSolution
		Debug|Any CPU = Debug|Any CPU
		Release|Any CPU = Release|Any CPU
	EndGlobalSection
	GlobalSection(ProjectConfigurationPlatforms) = postSolution
		{E362A03C-CCF8-43EA-BD20-C0A830D462F3}.Debug|Any CPU.ActiveCfg = Debug|Any CPU
		{E362A03C-CCF8-43EA-BD20-C0A830D462F3}.Debug|Any CPU.Build.0 = Debug|Any CPU
		{E362A03C-CCF8-43EA-BD20-C0A830D462F3}.Release|Any CPU.ActiveCfg = Release|Any CPU
		{E362A03C-CCF8-43EA-BD20-C0A830D462F3}.Release|Any CPU.Build.0 = Release|Any CPU
	EndGlobalSection
	GlobalSection(SolutionProperties) = preSolution
		HideSolutionNode = FALSE
	EndGlobalSection
	GlobalSection(ExtensibilityGlobals) = postSolution
		SolutionGuid = {C1FE91E0-082F-482A-BAF7-D054753BA37A}
	EndGlobalSection
EndGlobal
